
Microsoft Visual Studio Solution File, Format Version 12.00
# Visual Studio 2013
VisualStudioVersion = 12.0.31101.0
MinimumVisualStudioVersion = 10.0.40219.1
Project("{FAE04EC0-301F-11D3-BF4B-00C04F79EFBC}") = "JLT.PensionsEntitlement.Host", "Host\JLT.PensionsEntitlement.Host.csproj", "{983F18C7-9C5A-4A66-B0FE-D253CC686BDB}"
EndProject
Project("{FAE04EC0-301F-11D3-BF4B-00C04F79EFBC}") = "JLT.PensionsEntitlement.Messages", "Messages\JLT.PensionsEntitlement.Messages.csproj", "{C635A508-8304-47DF-A847-F17F7E9F3DBC}"
EndProject
Global
	GlobalSection(TeamFoundationVersionControl) = preSolution
		SccNumberOfProjects = 2
		SccEnterpriseProvider = {4CA58AB2-18FA-4F8D-95D4-32DDF27D184C}
		SccTeamFoundationServer = https://jlttfs.hitachiconsulting.com/tfs/jlt
		SccProjectUniqueName0 = Host\\JLT.PensionsEntitlement.Host.csproj
		SccProjectName0 = Host
		SccAuxPath0 = https://jlttfs.hitachiconsulting.com/tfs/jlt
		SccLocalPath0 = Host
		SccProvider0 = {4CA58AB2-18FA-4F8D-95D4-32DDF27D184C}
		SccProjectUniqueName1 = Messages\\JLT.PensionsEntitlement.Messages.csproj
		SccProjectName1 = Messages
		SccAuxPath1 = https://jlttfs.hitachiconsulting.com/tfs/jlt
		SccLocalPath1 = Messages
		SccProvider1 = {4CA58AB2-18FA-4F8D-95D4-32DDF27D184C}
	EndGlobalSection
	GlobalSection(SolutionConfigurationPlatforms) = preSolution
		Debug|Any CPU = Debug|Any CPU
		Release|Any CPU = Release|Any CPU
	EndGlobalSection
	GlobalSection(ProjectConfigurationPlatforms) = postSolution
		{983F18C7-9C5A-4A66-B0FE-D253CC686BDB}.Debug|Any CPU.ActiveCfg = Debug|Any CPU
		{983F18C7-9C5A-4A66-B0FE-D253CC686BDB}.Debug|Any CPU.Build.0 = Debug|Any CPU
		{983F18C7-9C5A-4A66-B0FE-D253CC686BDB}.Release|Any CPU.ActiveCfg = Release|Any CPU
		{983F18C7-9C5A-4A66-B0FE-D253CC686BDB}.Release|Any CPU.Build.0 = Release|Any CPU
		{C635A508-8304-47DF-A847-F17F7E9F3DBC}.Debug|Any CPU.ActiveCfg = Debug|Any CPU
		{C635A508-8304-47DF-A847-F17F7E9F3DBC}.Debug|Any CPU.Build.0 = Debug|Any CPU
		{C635A508-8304-47DF-A847-F17F7E9F3DBC}.Release|Any CPU.ActiveCfg = Release|Any CPU
		{C635A508-8304-47DF-A847-F17F7E9F3DBC}.Release|Any CPU.Build.0 = Release|Any CPU
	EndGlobalSection
	GlobalSection(SolutionProperties) = preSolution
		HideSolutionNode = FALSE
	EndGlobalSection
EndGlobal
